[[dependencies]]
name = "forge-std"
version = "1.12.0"
url = "https://soldeer-revisions.s3.amazonaws.com/forge-std/1_12_0_28-11-2025_13:04:44_forge-std-1.12.zip"
checksum = "81dccd87cb3303f28fa7f8158e3fed087afcdafa976e78ad1a8601a9883fe413"
integrity = "76ecadcacae000ba45c346835c9458cc572d3b1555ae0056a34537157111c204"
